{
  "nodes": {
    "flake-compat": {
      "flake": false,
      "locked": {
        "lastModified": 1650374568,
        "narHash": "sha256-Z+s0J8/r907g149rllvwhb4pKi8Wam5ij0st8PwAh+E=",
        "owner": "edolstra",
        "repo": "flake-compat",
        "rev": "b4a34015c698c7793d592d66adbab377907a2be8",
        "type": "github"
      },
      "original": {
        "owner": "edolstra",
        "repo": "flake-compat",
        "type": "github"
      }
    },
    "flake-utils": {
      "locked": {
        "lastModified": 1644229661,
        "narHash": "sha256-1YdnJAsNy69bpcjuoKdOYQX0YxZBiCYZo4Twxerqv7k=",
        "owner": "numtide",
        "repo": "flake-utils",
        "rev": "3cecb5b042f7f209c56ffd8371b2711a290ec797",
        "type": "github"
      },
      "original": {
        "owner": "numtide",
        "repo": "flake-utils",
        "type": "github"
      }
    },
    "home-manager": {
      "inputs": {
        "nixpkgs": [
          "nixpkgs"
        ],
        "utils": "utils"
      },
      "locked": {
        "lastModified": 1667347482,
        "narHash": "sha256-KuRYeitjusSdkJ/PeHzPfAIVwVjbtG5v+To6ffy8tiQ=",
        "owner": "nix-community",
        "repo": "home-manager",
        "rev": "04e844090ed17298bfbe0f8249109b15770571bc",
        "type": "github"
      },
      "original": {
        "owner": "nix-community",
        "repo": "home-manager",
        "type": "github"
      }
    },
    "nixpkgs": {
      "locked": {
        "lastModified": 1667357376,
        "narHash": "sha256-N306Fa8gbecKKENQneuO5MzA+eJa2zLA/IaRyxZAiYY=",
        "owner": "NixOS",
        "repo": "nixpkgs",
        "rev": "fdd9ddb34ca3fb387a835f796443dc945d44dae6",
        "type": "github"
      },
      "original": {
        "owner": "NixOS",
        "repo": "nixpkgs",
        "type": "github"
      }
    },
    "nixpkgs_2": {
      "locked": {
        "lastModified": 1645655918,
        "narHash": "sha256-ZfbEFRW7o237+A1P7eTKhXje435FCAoe0blj2n20Was=",
        "owner": "nixos",
        "repo": "nixpkgs",
        "rev": "77a7a4197740213879b9a1d2e1788c6c8ade4274",
        "type": "github"
      },
      "original": {
        "id": "nixpkgs",
        "type": "indirect"
      }
    },
    "pre-commit-hooks": {
      "inputs": {
        "flake-utils": "flake-utils",
        "nixpkgs": "nixpkgs_2"
      },
      "locked": {
        "lastModified": 1666604592,
        "narHash": "sha256-Bxy7xeVAwC0yxFaeYZM7N9Us/ebxpMC9TCceKEFeay4=",
        "owner": "cachix",
        "repo": "pre-commit-hooks.nix",
        "rev": "1b436f36e2812c589e6d830e3223059ea9661100",
        "type": "github"
      },
      "original": {
        "owner": "cachix",
        "repo": "pre-commit-hooks.nix",
        "type": "github"
      }
    },
    "root": {
      "inputs": {
        "flake-compat": "flake-compat",
        "home-manager": "home-manager",
        "nixpkgs": "nixpkgs",
        "pre-commit-hooks": "pre-commit-hooks",
        "wakatime-zsh-plugin": "wakatime-zsh-plugin",
        "zsh-you-should-use": "zsh-you-should-use"
      }
    },
    "utils": {
      "locked": {
        "lastModified": 1667077288,
        "narHash": "sha256-bdC8sFNDpT0HK74u9fUkpbf1MEzVYJ+ka7NXCdgBoaA=",
        "owner": "numtide",
        "repo": "flake-utils",
        "rev": "6ee9ebb6b1ee695d2cacc4faa053a7b9baa76817",
        "type": "github"
      },
      "original": {
        "owner": "numtide",
        "repo": "flake-utils",
        "type": "github"
      }
    },
    "wakatime-zsh-plugin": {
      "flake": false,
      "locked": {
        "lastModified": 1651056467,
        "narHash": "sha256-pA1VOkzbHQjmcI2skzB/OP5pXn8CFUz5Ok/GLC6KKXQ=",
        "owner": "sobolevn",
        "repo": "wakatime-zsh-plugin",
        "rev": "69c6028b0c8f72e2afcfa5135b1af29afb49764a",
        "type": "github"
      },
      "original": {
        "owner": "sobolevn",
        "repo": "wakatime-zsh-plugin",
        "type": "github"
      }
    },
    "zsh-you-should-use": {
      "flake": false,
      "locked": {
        "lastModified": 1661951724,
        "narHash": "sha256-1XMn1TjPi8Ic3loDx9ICLeKw0oOZifNJbwIiW+XWZy4=",
        "owner": "MichaelAquilina",
        "repo": "zsh-you-should-use",
        "rev": "13c86356553b80e0e0cbf1ecf6d82cfa79751b5a",
        "type": "github"
      },
      "original": {
        "owner": "MichaelAquilina",
        "repo": "zsh-you-should-use",
        "type": "github"
      }
    }
  },
  "root": "root",
  "version": 7
}
